
Microsoft Visual Studio Solution File, Format Version 12.00
# Visual Studio 15
VisualStudioVersion = 15.0.28307.421
MinimumVisualStudioVersion = 10.0.40219.1
Project("{FAE04EC0-301F-11D3-BF4B-00C04F79EFBC}") = "Montreal.Challenge", "Montreal.Challenge\Montreal.Challenge\Montreal.Challenge.csproj", "{CBB410DD-7BBC-46C1-96BE-491DD6A31BD3}"
EndProject
Project("{FAE04EC0-301F-11D3-BF4B-00C04F79EFBC}") = "Montreal.Challenge.Android", "Montreal.Challenge\Montreal.Challenge.Android\Montreal.Challenge.Android.csproj", "{AD5DE276-039F-4C80-893E-F29232A4B215}"
EndProject
Project("{FAE04EC0-301F-11D3-BF4B-00C04F79EFBC}") = "Montreal.Challenge.iOS", "Montreal.Challenge\Montreal.Challenge.iOS\Montreal.Challenge.iOS.csproj", "{2F2B57CF-9852-4C21-9E42-50A39F8E3985}"
EndProject
Project("{FAE04EC0-301F-11D3-BF4B-00C04F79EFBC}") = "Montreal.Challenge.UWP", "Montreal.Challenge\Montreal.Challenge.UWP\Montreal.Challenge.UWP.csproj", "{560288FA-DE63-4920-9DDB-5E03B5FF15AF}"
EndProject
Project("{2150E333-8FDC-42A3-9474-1A3956D46DE8}") = "Application", "Application", "{090F8FC6-F245-444F-BA62-9534FC7FCFDA}"
EndProject
Project("{2150E333-8FDC-42A3-9474-1A3956D46DE8}") = "Mobile", "Mobile", "{35E55AA3-D07D-4282-8B2D-6167092021C9}"
EndProject
Project("{FAE04EC0-301F-11D3-BF4B-00C04F79EFBC}") = "Montreal.Challenge.Core", "Montreal.Challenge.Core\Montreal.Challenge.Core.csproj", "{F484EFDD-A8F1-4B11-9B5A-665D77932B90}"
EndProject
Project("{FAE04EC0-301F-11D3-BF4B-00C04F79EFBC}") = "Montreal.Challenge.Datasource", "Montreal.Challenge.Datasource\Montreal.Challenge.Datasource.csproj", "{59F3D095-9779-44CD-9DC3-BB461E6327A4}"
EndProject
Project("{FAE04EC0-301F-11D3-BF4B-00C04F79EFBC}") = "Montreal.Challenge.Ioc", "Montreal.Challenge.Ioc\Montreal.Challenge.Ioc.csproj", "{2B02559D-8EA9-4343-AE40-F5F093A7E694}"
EndProject
Project("{FAE04EC0-301F-11D3-BF4B-00C04F79EFBC}") = "Montreal.Challenge.Shared", "Montreal.Challenge.Shared\Montreal.Challenge.Shared.csproj", "{8A9E8567-97EE-4F0B-B37C-FA3C8F2F56B2}"
EndProject
Global
	GlobalSection(SolutionConfigurationPlatforms) = preSolution
		Ad-Hoc|Any CPU = Ad-Hoc|Any CPU
		Ad-Hoc|ARM = Ad-Hoc|ARM
		Ad-Hoc|iPhone = Ad-Hoc|iPhone
		Ad-Hoc|iPhoneSimulator = Ad-Hoc|iPhoneSimulator
		Ad-Hoc|x64 = Ad-Hoc|x64
		Ad-Hoc|x86 = Ad-Hoc|x86
		AppStore|Any CPU = AppStore|Any CPU
		AppStore|ARM = AppStore|ARM
		AppStore|iPhone = AppStore|iPhone
		AppStore|iPhoneSimulator = AppStore|iPhoneSimulator
		AppStore|x64 = AppStore|x64
		AppStore|x86 = AppStore|x86
		Debug|Any CPU = Debug|Any CPU
		Debug|ARM = Debug|ARM
		Debug|iPhone = Debug|iPhone
		Debug|iPhoneSimulator = Debug|iPhoneSimulator
		Debug|x64 = Debug|x64
		Debug|x86 = Debug|x86
		Release|Any CPU = Release|Any CPU
		Release|ARM = Release|ARM
		Release|iPhone = Release|iPhone
		Release|iPhoneSimulator = Release|iPhoneSimulator
		Release|x64 = Release|x64
		Release|x86 = Release|x86
	EndGlobalSection
	GlobalSection(ProjectConfigurationPlatforms) = postSolution
		{CBB410DD-7BBC-46C1-96BE-491DD6A31BD3}.Ad-Hoc|Any CPU.ActiveCfg = Debug|Any CPU
		{CBB410DD-7BBC-46C1-96BE-491DD6A31BD3}.Ad-Hoc|Any CPU.Build.0 = Debug|Any CPU
		{CBB410DD-7BBC-46C1-96BE-491DD6A31BD3}.Ad-Hoc|ARM.ActiveCfg = Debug|Any CPU
		{CBB410DD-7BBC-46C1-96BE-491DD6A31BD3}.Ad-Hoc|ARM.Build.0 = Debug|Any CPU
		{CBB410DD-7BBC-46C1-96BE-491DD6A31BD3}.Ad-Hoc|iPhone.ActiveCfg = Debug|Any CPU
		{CBB410DD-7BBC-46C1-96BE-491DD6A31BD3}.Ad-Hoc|iPhone.Build.0 = Debug|Any CPU
		{CBB410DD-7BBC-46C1-96BE-491DD6A31BD3}.Ad-Hoc|iPhoneSimulator.ActiveCfg = Debug|Any CPU
		{CBB410DD-7BBC-46C1-96BE-491DD6A31BD3}.Ad-Hoc|iPhoneSimulator.Build.0 = Debug|Any CPU
		{CBB410DD-7BBC-46C1-96BE-491DD6A31BD3}.Ad-Hoc|x64.ActiveCfg = Debug|Any CPU
		{CBB410DD-7BBC-46C1-96BE-491DD6A31BD3}.Ad-Hoc|x64.Build.0 = Debug|Any CPU
		{CBB410DD-7BBC-46C1-96BE-491DD6A31BD3}.Ad-Hoc|x86.ActiveCfg = Debug|Any CPU
		{CBB410DD-7BBC-46C1-96BE-491DD6A31BD3}.Ad-Hoc|x86.Build.0 = Debug|Any CPU
		{CBB410DD-7BBC-46C1-96BE-491DD6A31BD3}.AppStore|Any CPU.ActiveCfg = Debug|Any CPU
		{CBB410DD-7BBC-46C1-96BE-491DD6A31BD3}.AppStore|Any CPU.Build.0 = Debug|Any CPU
		{CBB410DD-7BBC-46C1-96BE-491DD6A31BD3}.AppStore|ARM.ActiveCfg = Debug|Any CPU
		{CBB410DD-7BBC-46C1-96BE-491DD6A31BD3}.AppStore|ARM.Build.0 = Debug|Any CPU
		{CBB410DD-7BBC-46C1-96BE-491DD6A31BD3}.AppStore|iPhone.ActiveCfg = Debug|Any CPU
		{CBB410DD-7BBC-46C1-96BE-491DD6A31BD3}.AppStore|iPhone.Build.0 = Debug|Any CPU
		{CBB410DD-7BBC-46C1-96BE-491DD6A31BD3}.AppStore|iPhoneSimulator.ActiveCfg = Debug|Any CPU
		{CBB410DD-7BBC-46C1-96BE-491DD6A31BD3}.AppStore|iPhoneSimulator.Build.0 = Debug|Any CPU
		{CBB410DD-7BBC-46C1-96BE-491DD6A31BD3}.AppStore|x64.ActiveCfg = Debug|Any CPU
		{CBB410DD-7BBC-46C1-96BE-491DD6A31BD3}.AppStore|x64.Build.0 = Debug|Any CPU
		{CBB410DD-7BBC-46C1-96BE-491DD6A31BD3}.AppStore|x86.ActiveCfg = Debug|Any CPU
		{CBB410DD-7BBC-46C1-96BE-491DD6A31BD3}.AppStore|x86.Build.0 = Debug|Any CPU
		{CBB410DD-7BBC-46C1-96BE-491DD6A31BD3}.Debug|Any CPU.ActiveCfg = Debug|Any CPU
		{CBB410DD-7BBC-46C1-96BE-491DD6A31BD3}.Debug|Any CPU.Build.0 = Debug|Any CPU
		{CBB410DD-7BBC-46C1-96BE-491DD6A31BD3}.Debug|ARM.ActiveCfg = Debug|Any CPU
		{CBB410DD-7BBC-46C1-96BE-491DD6A31BD3}.Debug|ARM.Build.0 = Debug|Any CPU
		{CBB410DD-7BBC-46C1-96BE-491DD6A31BD3}.Debug|iPhone.ActiveCfg = Debug|Any CPU
		{CBB410DD-7BBC-46C1-96BE-491DD6A31BD3}.Debug|iPhone.Build.0 = Debug|Any CPU
		{CBB410DD-7BBC-46C1-96BE-491DD6A31BD3}.Debug|iPhoneSimulator.ActiveCfg = Debug|Any CPU
		{CBB410DD-7BBC-46C1-96BE-491DD6A31BD3}.Debug|iPhoneSimulator.Build.0 = Debug|Any CPU
		{CBB410DD-7BBC-46C1-96BE-491DD6A31BD3}.Debug|x64.ActiveCfg = Debug|Any CPU
		{CBB410DD-7BBC-46C1-96BE-491DD6A31BD3}.Debug|x64.Build.0 = Debug|Any CPU
		{CBB410DD-7BBC-46C1-96BE-491DD6A31BD3}.Debug|x86.ActiveCfg = Debug|Any CPU
		{CBB410DD-7BBC-46C1-96BE-491DD6A31BD3}.Debug|x86.Build.0 = Debug|Any CPU
		{CBB410DD-7BBC-46C1-96BE-491DD6A31BD3}.Release|Any CPU.ActiveCfg = Release|Any CPU
		{CBB410DD-7BBC-46C1-96BE-491DD6A31BD3}.Release|Any CPU.Build.0 = Release|Any CPU
		{CBB410DD-7BBC-46C1-96BE-491DD6A31BD3}.Release|ARM.ActiveCfg = Release|Any CPU
		{CBB410DD-7BBC-46C1-96BE-491DD6A31BD3}.Release|ARM.Build.0 = Release|Any CPU
		{CBB410DD-7BBC-46C1-96BE-491DD6A31BD3}.Release|iPhone.ActiveCfg = Release|Any CPU
		{CBB410DD-7BBC-46C1-96BE-491DD6A31BD3}.Release|iPhone.Build.0 = Release|Any CPU
		{CBB410DD-7BBC-46C1-96BE-491DD6A31BD3}.Release|iPhoneSimulator.ActiveCfg = Release|Any CPU
		{CBB410DD-7BBC-46C1-96BE-491DD6A31BD3}.Release|iPhoneSimulator.Build.0 = Release|Any CPU
		{CBB410DD-7BBC-46C1-96BE-491DD6A31BD3}.Release|x64.ActiveCfg = Release|Any CPU
		{CBB410DD-7BBC-46C1-96BE-491DD6A31BD3}.Release|x64.Build.0 = Release|Any CPU
		{CBB410DD-7BBC-46C1-96BE-491DD6A31BD3}.Release|x86.ActiveCfg = Release|Any CPU
		{CBB410DD-7BBC-46C1-96BE-491DD6A31BD3}.Release|x86.Build.0 = Release|Any CPU
		{AD5DE276-039F-4C80-893E-F29232A4B215}.Ad-Hoc|Any CPU.ActiveCfg = Release|Any CPU
		{AD5DE276-039F-4C80-893E-F29232A4B215}.Ad-Hoc|Any CPU.Build.0 = Release|Any CPU
		{AD5DE276-039F-4C80-893E-F29232A4B215}.Ad-Hoc|Any CPU.Deploy.0 = Release|Any CPU
		{AD5DE276-039F-4C80-893E-F29232A4B215}.Ad-Hoc|ARM.ActiveCfg = Release|Any CPU
		{AD5DE276-039F-4C80-893E-F29232A4B215}.Ad-Hoc|ARM.Build.0 = Release|Any CPU
		{AD5DE276-039F-4C80-893E-F29232A4B215}.Ad-Hoc|ARM.Deploy.0 = Release|Any CPU
		{AD5DE276-039F-4C80-893E-F29232A4B215}.Ad-Hoc|iPhone.ActiveCfg = Release|Any CPU
		{AD5DE276-039F-4C80-893E-F29232A4B215}.Ad-Hoc|iPhone.Build.0 = Release|Any CPU
		{AD5DE276-039F-4C80-893E-F29232A4B215}.Ad-Hoc|iPhone.Deploy.0 = Release|Any CPU
		{AD5DE276-039F-4C80-893E-F29232A4B215}.Ad-Hoc|iPhoneSimulator.ActiveCfg = Release|Any CPU
		{AD5DE276-039F-4C80-893E-F29232A4B215}.Ad-Hoc|iPhoneSimulator.Build.0 = Release|Any CPU
		{AD5DE276-039F-4C80-893E-F29232A4B215}.Ad-Hoc|iPhoneSimulator.Deploy.0 = Release|Any CPU
		{AD5DE276-039F-4C80-893E-F29232A4B215}.Ad-Hoc|x64.ActiveCfg = Release|Any CPU
		{AD5DE276-039F-4C80-893E-F29232A4B215}.Ad-Hoc|x64.Build.0 = Release|Any CPU
		{AD5DE276-039F-4C80-893E-F29232A4B215}.Ad-Hoc|x64.Deploy.0 = Release|Any CPU
		{AD5DE276-039F-4C80-893E-F29232A4B215}.Ad-Hoc|x86.ActiveCfg = Release|Any CPU
		{AD5DE276-039F-4C80-893E-F29232A4B215}.Ad-Hoc|x86.Build.0 = Release|Any CPU
		{AD5DE276-039F-4C80-893E-F29232A4B215}.Ad-Hoc|x86.Deploy.0 = Release|Any CPU
		{AD5DE276-039F-4C80-893E-F29232A4B215}.AppStore|Any CPU.ActiveCfg = Release|Any CPU
		{AD5DE276-039F-4C80-893E-F29232A4B215}.AppStore|Any CPU.Build.0 = Release|Any CPU
		{AD5DE276-039F-4C80-893E-F29232A4B215}.AppStore|Any CPU.Deploy.0 = Release|Any CPU
		{AD5DE276-039F-4C80-893E-F29232A4B215}.AppStore|ARM.ActiveCfg = Release|Any CPU
		{AD5DE276-039F-4C80-893E-F29232A4B215}.AppStore|ARM.Build.0 = Release|Any CPU
		{AD5DE276-039F-4C80-893E-F29232A4B215}.AppStore|ARM.Deploy.0 = Release|Any CPU
		{AD5DE276-039F-4C80-893E-F29232A4B215}.AppStore|iPhone.ActiveCfg = Release|Any CPU
		{AD5DE276-039F-4C80-893E-F29232A4B215}.AppStore|iPhone.Build.0 = Release|Any CPU
		{AD5DE276-039F-4C80-893E-F29232A4B215}.AppStore|iPhone.Deploy.0 = Release|Any CPU
		{AD5DE276-039F-4C80-893E-F29232A4B215}.AppStore|iPhoneSimulator.ActiveCfg = Release|Any CPU
		{AD5DE276-039F-4C80-893E-F29232A4B215}.AppStore|iPhoneSimulator.Build.0 = Release|Any CPU
		{AD5DE276-039F-4C80-893E-F29232A4B215}.AppStore|iPhoneSimulator.Deploy.0 = Release|Any CPU
		{AD5DE276-039F-4C80-893E-F29232A4B215}.AppStore|x64.ActiveCfg = Release|Any CPU
		{AD5DE276-039F-4C80-893E-F29232A4B215}.AppStore|x64.Build.0 = Release|Any CPU
		{AD5DE276-039F-4C80-893E-F29232A4B215}.AppStore|x64.Deploy.0 = Release|Any CPU
		{AD5DE276-039F-4C80-893E-F29232A4B215}.AppStore|x86.ActiveCfg = Release|Any CPU
		{AD5DE276-039F-4C80-893E-F29232A4B215}.AppStore|x86.Build.0 = Release|Any CPU
		{AD5DE276-039F-4C80-893E-F29232A4B215}.AppStore|x86.Deploy.0 = Release|Any CPU
		{AD5DE276-039F-4C80-893E-F29232A4B215}.Debug|Any CPU.ActiveCfg = Debug|Any CPU
		{AD5DE276-039F-4C80-893E-F29232A4B215}.Debug|Any CPU.Build.0 = Debug|Any CPU
		{AD5DE276-039F-4C80-893E-F29232A4B215}.Debug|Any CPU.Deploy.0 = Debug|Any CPU
		{AD5DE276-039F-4C80-893E-F29232A4B215}.Debug|ARM.ActiveCfg = Debug|Any CPU
		{AD5DE276-039F-4C80-893E-F29232A4B215}.Debug|ARM.Build.0 = Debug|Any CPU
		{AD5DE276-039F-4C80-893E-F29232A4B215}.Debug|ARM.Deploy.0 = Debug|Any CPU
		{AD5DE276-039F-4C80-893E-F29232A4B215}.Debug|iPhone.ActiveCfg = Debug|Any CPU
		{AD5DE276-039F-4C80-893E-F29232A4B215}.Debug|iPhone.Build.0 = Debug|Any CPU
		{AD5DE276-039F-4C80-893E-F29232A4B215}.Debug|iPhone.Deploy.0 = Debug|Any CPU
		{AD5DE276-039F-4C80-893E-F29232A4B215}.Debug|iPhoneSimulator.ActiveCfg = Debug|Any CPU
		{AD5DE276-039F-4C80-893E-F29232A4B215}.Debug|iPhoneSimulator.Build.0 = Debug|Any CPU
		{AD5DE276-039F-4C80-893E-F29232A4B215}.Debug|iPhoneSimulator.Deploy.0 = Debug|Any CPU
		{AD5DE276-039F-4C80-893E-F29232A4B215}.Debug|x64.ActiveCfg = Debug|Any CPU
		{AD5DE276-039F-4C80-893E-F29232A4B215}.Debug|x64.Build.0 = Debug|Any CPU
		{AD5DE276-039F-4C80-893E-F29232A4B215}.Debug|x64.Deploy.0 = Debug|Any CPU
		{AD5DE276-039F-4C80-893E-F29232A4B215}.Debug|x86.ActiveCfg = Debug|Any CPU
		{AD5DE276-039F-4C80-893E-F29232A4B215}.Debug|x86.Build.0 = Debug|Any CPU
		{AD5DE276-039F-4C80-893E-F29232A4B215}.Debug|x86.Deploy.0 = Debug|Any CPU
		{AD5DE276-039F-4C80-893E-F29232A4B215}.Release|Any CPU.ActiveCfg = Release|Any CPU
		{AD5DE276-039F-4C80-893E-F29232A4B215}.Release|Any CPU.Build.0 = Release|Any CPU
		{AD5DE276-039F-4C80-893E-F29232A4B215}.Release|Any CPU.Deploy.0 = Release|Any CPU
		{AD5DE276-039F-4C80-893E-F29232A4B215}.Release|ARM.ActiveCfg = Release|Any CPU
		{AD5DE276-039F-4C80-893E-F29232A4B215}.Release|ARM.Build.0 = Release|Any CPU
		{AD5DE276-039F-4C80-893E-F29232A4B215}.Release|ARM.Deploy.0 = Release|Any CPU
		{AD5DE276-039F-4C80-893E-F29232A4B215}.Release|iPhone.ActiveCfg = Release|Any CPU
		{AD5DE276-039F-4C80-893E-F29232A4B215}.Release|iPhone.Build.0 = Release|Any CPU
		{AD5DE276-039F-4C80-893E-F29232A4B215}.Release|iPhone.Deploy.0 = Release|Any CPU
		{AD5DE276-039F-4C80-893E-F29232A4B215}.Release|iPhoneSimulator.ActiveCfg = Release|Any CPU
		{AD5DE276-039F-4C80-893E-F29232A4B215}.Release|iPhoneSimulator.Build.0 = Release|Any CPU
		{AD5DE276-039F-4C80-893E-F29232A4B215}.Release|iPhoneSimulator.Deploy.0 = Release|Any CPU
		{AD5DE276-039F-4C80-893E-F29232A4B215}.Release|x64.ActiveCfg = Release|Any CPU
		{AD5DE276-039F-4C80-893E-F29232A4B215}.Release|x64.Build.0 = Release|Any CPU
		{AD5DE276-039F-4C80-893E-F29232A4B215}.Release|x64.Deploy.0 = Release|Any CPU
		{AD5DE276-039F-4C80-893E-F29232A4B215}.Release|x86.ActiveCfg = Release|Any CPU
		{AD5DE276-039F-4C80-893E-F29232A4B215}.Release|x86.Build.0 = Release|Any CPU
		{AD5DE276-039F-4C80-893E-F29232A4B215}.Release|x86.Deploy.0 = Release|Any CPU
		{2F2B57CF-9852-4C21-9E42-50A39F8E3985}.Ad-Hoc|Any CPU.ActiveCfg = Ad-Hoc|iPhone
		{2F2B57CF-9852-4C21-9E42-50A39F8E3985}.Ad-Hoc|ARM.ActiveCfg = Ad-Hoc|iPhone
		{2F2B57CF-9852-4C21-9E42-50A39F8E3985}.Ad-Hoc|iPhone.ActiveCfg = Ad-Hoc|iPhone
		{2F2B57CF-9852-4C21-9E42-50A39F8E3985}.Ad-Hoc|iPhone.Build.0 = Ad-Hoc|iPhone
		{2F2B57CF-9852-4C21-9E42-50A39F8E3985}.Ad-Hoc|iPhoneSimulator.ActiveCfg = Ad-Hoc|iPhoneSimulator
		{2F2B57CF-9852-4C21-9E42-50A39F8E3985}.Ad-Hoc|iPhoneSimulator.Build.0 = Ad-Hoc|iPhoneSimulator
		{2F2B57CF-9852-4C21-9E42-50A39F8E3985}.Ad-Hoc|x64.ActiveCfg = Ad-Hoc|iPhone
		{2F2B57CF-9852-4C21-9E42-50A39F8E3985}.Ad-Hoc|x86.ActiveCfg = Ad-Hoc|iPhone
		{2F2B57CF-9852-4C21-9E42-50A39F8E3985}.AppStore|Any CPU.ActiveCfg = AppStore|iPhone
		{2F2B57CF-9852-4C21-9E42-50A39F8E3985}.AppStore|ARM.ActiveCfg = AppStore|iPhone
		{2F2B57CF-9852-4C21-9E42-50A39F8E3985}.AppStore|iPhone.ActiveCfg = AppStore|iPhone
		{2F2B57CF-9852-4C21-9E42-50A39F8E3985}.AppStore|iPhone.Build.0 = AppStore|iPhone
		{2F2B57CF-9852-4C21-9E42-50A39F8E3985}.AppStore|iPhoneSimulator.ActiveCfg = AppStore|iPhoneSimulator
		{2F2B57CF-9852-4C21-9E42-50A39F8E3985}.AppStore|iPhoneSimulator.Build.0 = AppStore|iPhoneSimulator
		{2F2B57CF-9852-4C21-9E42-50A39F8E3985}.AppStore|x64.ActiveCfg = AppStore|iPhone
		{2F2B57CF-9852-4C21-9E42-50A39F8E3985}.AppStore|x86.ActiveCfg = AppStore|iPhone
		{2F2B57CF-9852-4C21-9E42-50A39F8E3985}.Debug|Any CPU.ActiveCfg = Debug|iPhone
		{2F2B57CF-9852-4C21-9E42-50A39F8E3985}.Debug|ARM.ActiveCfg = Debug|iPhone
		{2F2B57CF-9852-4C21-9E42-50A39F8E3985}.Debug|iPhone.ActiveCfg = Debug|iPhone
		{2F2B57CF-9852-4C21-9E42-50A39F8E3985}.Debug|iPhone.Build.0 = Debug|iPhone
		{2F2B57CF-9852-4C21-9E42-50A39F8E3985}.Debug|iPhoneSimulator.ActiveCfg = Debug|iPhoneSimulator
		{2F2B57CF-9852-4C21-9E42-50A39F8E3985}.Debug|iPhoneSimulator.Build.0 = Debug|iPhoneSimulator
		{2F2B57CF-9852-4C21-9E42-50A39F8E3985}.Debug|x64.ActiveCfg = Debug|iPhone
		{2F2B57CF-9852-4C21-9E42-50A39F8E3985}.Debug|x86.ActiveCfg = Debug|iPhone
		{2F2B57CF-9852-4C21-9E42-50A39F8E3985}.Release|Any CPU.ActiveCfg = Release|iPhone
		{2F2B57CF-9852-4C21-9E42-50A39F8E3985}.Release|ARM.ActiveCfg = Release|iPhone
		{2F2B57CF-9852-4C21-9E42-50A39F8E3985}.Release|iPhone.ActiveCfg = Release|iPhone
		{2F2B57CF-9852-4C21-9E42-50A39F8E3985}.Release|iPhone.Build.0 = Release|iPhone
		{2F2B57CF-9852-4C21-9E42-50A39F8E3985}.Release|iPhoneSimulator.ActiveCfg = Release|iPhoneSimulator
		{2F2B57CF-9852-4C21-9E42-50A39F8E3985}.Release|iPhoneSimulator.Build.0 = Release|iPhoneSimulator
		{2F2B57CF-9852-4C21-9E42-50A39F8E3985}.Release|x64.ActiveCfg = Release|iPhone
		{2F2B57CF-9852-4C21-9E42-50A39F8E3985}.Release|x86.ActiveCfg = Release|iPhone
		{560288FA-DE63-4920-9DDB-5E03B5FF15AF}.Ad-Hoc|Any CPU.ActiveCfg = Release|x86
		{560288FA-DE63-4920-9DDB-5E03B5FF15AF}.Ad-Hoc|Any CPU.Build.0 = Release|x86
		{560288FA-DE63-4920-9DDB-5E03B5FF15AF}.Ad-Hoc|Any CPU.Deploy.0 = Release|x86
		{560288FA-DE63-4920-9DDB-5E03B5FF15AF}.Ad-Hoc|ARM.ActiveCfg = Release|ARM
		{560288FA-DE63-4920-9DDB-5E03B5FF15AF}.Ad-Hoc|ARM.Build.0 = Release|ARM
		{560288FA-DE63-4920-9DDB-5E03B5FF15AF}.Ad-Hoc|ARM.Deploy.0 = Release|ARM
		{560288FA-DE63-4920-9DDB-5E03B5FF15AF}.Ad-Hoc|iPhone.ActiveCfg = Release|x86
		{560288FA-DE63-4920-9DDB-5E03B5FF15AF}.Ad-Hoc|iPhone.Build.0 = Release|x86
		{560288FA-DE63-4920-9DDB-5E03B5FF15AF}.Ad-Hoc|iPhone.Deploy.0 = Release|x86
		{560288FA-DE63-4920-9DDB-5E03B5FF15AF}.Ad-Hoc|iPhoneSimulator.ActiveCfg = Release|x86
		{560288FA-DE63-4920-9DDB-5E03B5FF15AF}.Ad-Hoc|iPhoneSimulator.Build.0 = Release|x86
		{560288FA-DE63-4920-9DDB-5E03B5FF15AF}.Ad-Hoc|iPhoneSimulator.Deploy.0 = Release|x86
		{560288FA-DE63-4920-9DDB-5E03B5FF15AF}.Ad-Hoc|x64.ActiveCfg = Release|x64
		{560288FA-DE63-4920-9DDB-5E03B5FF15AF}.Ad-Hoc|x64.Build.0 = Release|x64
		{560288FA-DE63-4920-9DDB-5E03B5FF15AF}.Ad-Hoc|x64.Deploy.0 = Release|x64
		{560288FA-DE63-4920-9DDB-5E03B5FF15AF}.Ad-Hoc|x86.ActiveCfg = Release|x86
		{560288FA-DE63-4920-9DDB-5E03B5FF15AF}.Ad-Hoc|x86.Build.0 = Release|x86
		{560288FA-DE63-4920-9DDB-5E03B5FF15AF}.Ad-Hoc|x86.Deploy.0 = Release|x86
		{560288FA-DE63-4920-9DDB-5E03B5FF15AF}.AppStore|Any CPU.ActiveCfg = Release|x86
		{560288FA-DE63-4920-9DDB-5E03B5FF15AF}.AppStore|Any CPU.Build.0 = Release|x86
		{560288FA-DE63-4920-9DDB-5E03B5FF15AF}.AppStore|Any CPU.Deploy.0 = Release|x86
		{560288FA-DE63-4920-9DDB-5E03B5FF15AF}.AppStore|ARM.ActiveCfg = Release|ARM
		{560288FA-DE63-4920-9DDB-5E03B5FF15AF}.AppStore|ARM.Build.0 = Release|ARM
		{560288FA-DE63-4920-9DDB-5E03B5FF15AF}.AppStore|ARM.Deploy.0 = Release|ARM
		{560288FA-DE63-4920-9DDB-5E03B5FF15AF}.AppStore|iPhone.ActiveCfg = Release|x86
		{560288FA-DE63-4920-9DDB-5E03B5FF15AF}.AppStore|iPhone.Build.0 = Release|x86
		{560288FA-DE63-4920-9DDB-5E03B5FF15AF}.AppStore|iPhone.Deploy.0 = Release|x86
		{560288FA-DE63-4920-9DDB-5E03B5FF15AF}.AppStore|iPhoneSimulator.ActiveCfg = Release|x86
		{560288FA-DE63-4920-9DDB-5E03B5FF15AF}.AppStore|iPhoneSimulator.Build.0 = Release|x86
		{560288FA-DE63-4920-9DDB-5E03B5FF15AF}.AppStore|iPhoneSimulator.Deploy.0 = Release|x86
		{560288FA-DE63-4920-9DDB-5E03B5FF15AF}.AppStore|x64.ActiveCfg = Release|x64
		{560288FA-DE63-4920-9DDB-5E03B5FF15AF}.AppStore|x64.Build.0 = Release|x64
		{560288FA-DE63-4920-9DDB-5E03B5FF15AF}.AppStore|x64.Deploy.0 = Release|x64
		{560288FA-DE63-4920-9DDB-5E03B5FF15AF}.AppStore|x86.ActiveCfg = Release|x86
		{560288FA-DE63-4920-9DDB-5E03B5FF15AF}.AppStore|x86.Build.0 = Release|x86
		{560288FA-DE63-4920-9DDB-5E03B5FF15AF}.AppStore|x86.Deploy.0 = Release|x86
		{560288FA-DE63-4920-9DDB-5E03B5FF15AF}.Debug|Any CPU.ActiveCfg = Debug|x86
		{560288FA-DE63-4920-9DDB-5E03B5FF15AF}.Debug|ARM.ActiveCfg = Debug|ARM
		{560288FA-DE63-4920-9DDB-5E03B5FF15AF}.Debug|ARM.Build.0 = Debug|ARM
		{560288FA-DE63-4920-9DDB-5E03B5FF15AF}.Debug|ARM.Deploy.0 = Debug|ARM
		{560288FA-DE63-4920-9DDB-5E03B5FF15AF}.Debug|iPhone.ActiveCfg = Debug|x86
		{560288FA-DE63-4920-9DDB-5E03B5FF15AF}.Debug|iPhoneSimulator.ActiveCfg = Debug|x86
		{560288FA-DE63-4920-9DDB-5E03B5FF15AF}.Debug|x64.ActiveCfg = Debug|x64
		{560288FA-DE63-4920-9DDB-5E03B5FF15AF}.Debug|x64.Build.0 = Debug|x64
		{560288FA-DE63-4920-9DDB-5E03B5FF15AF}.Debug|x64.Deploy.0 = Debug|x64
		{560288FA-DE63-4920-9DDB-5E03B5FF15AF}.Debug|x86.ActiveCfg = Debug|x86
		{560288FA-DE63-4920-9DDB-5E03B5FF15AF}.Debug|x86.Build.0 = Debug|x86
		{560288FA-DE63-4920-9DDB-5E03B5FF15AF}.Debug|x86.Deploy.0 = Debug|x86
		{560288FA-DE63-4920-9DDB-5E03B5FF15AF}.Release|Any CPU.ActiveCfg = Release|x86
		{560288FA-DE63-4920-9DDB-5E03B5FF15AF}.Release|ARM.ActiveCfg = Release|ARM
		{560288FA-DE63-4920-9DDB-5E03B5FF15AF}.Release|ARM.Build.0 = Release|ARM
		{560288FA-DE63-4920-9DDB-5E03B5FF15AF}.Release|ARM.Deploy.0 = Release|ARM
		{560288FA-DE63-4920-9DDB-5E03B5FF15AF}.Release|iPhone.ActiveCfg = Release|x86
		{560288FA-DE63-4920-9DDB-5E03B5FF15AF}.Release|iPhoneSimulator.ActiveCfg = Release|x86
		{560288FA-DE63-4920-9DDB-5E03B5FF15AF}.Release|x64.ActiveCfg = Release|x64
		{560288FA-DE63-4920-9DDB-5E03B5FF15AF}.Release|x64.Build.0 = Release|x64
		{560288FA-DE63-4920-9DDB-5E03B5FF15AF}.Release|x64.Deploy.0 = Release|x64
		{560288FA-DE63-4920-9DDB-5E03B5FF15AF}.Release|x86.ActiveCfg = Release|x86
		{560288FA-DE63-4920-9DDB-5E03B5FF15AF}.Release|x86.Build.0 = Release|x86
		{560288FA-DE63-4920-9DDB-5E03B5FF15AF}.Release|x86.Deploy.0 = Release|x86
		{F484EFDD-A8F1-4B11-9B5A-665D77932B90}.Ad-Hoc|Any CPU.ActiveCfg = Debug|Any CPU
		{F484EFDD-A8F1-4B11-9B5A-665D77932B90}.Ad-Hoc|Any CPU.Build.0 = Debug|Any CPU
		{F484EFDD-A8F1-4B11-9B5A-665D77932B90}.Ad-Hoc|ARM.ActiveCfg = Debug|Any CPU
		{F484EFDD-A8F1-4B11-9B5A-665D77932B90}.Ad-Hoc|ARM.Build.0 = Debug|Any CPU
		{F484EFDD-A8F1-4B11-9B5A-665D77932B90}.Ad-Hoc|iPhone.ActiveCfg = Debug|Any CPU
		{F484EFDD-A8F1-4B11-9B5A-665D77932B90}.Ad-Hoc|iPhone.Build.0 = Debug|Any CPU
		{F484EFDD-A8F1-4B11-9B5A-665D77932B90}.Ad-Hoc|iPhoneSimulator.ActiveCfg = Debug|Any CPU
		{F484EFDD-A8F1-4B11-9B5A-665D77932B90}.Ad-Hoc|iPhoneSimulator.Build.0 = Debug|Any CPU
		{F484EFDD-A8F1-4B11-9B5A-665D77932B90}.Ad-Hoc|x64.ActiveCfg = Debug|Any CPU
		{F484EFDD-A8F1-4B11-9B5A-665D77932B90}.Ad-Hoc|x64.Build.0 = Debug|Any CPU
		{F484EFDD-A8F1-4B11-9B5A-665D77932B90}.Ad-Hoc|x86.ActiveCfg = Debug|Any CPU
		{F484EFDD-A8F1-4B11-9B5A-665D77932B90}.Ad-Hoc|x86.Build.0 = Debug|Any CPU
		{F484EFDD-A8F1-4B11-9B5A-665D77932B90}.AppStore|Any CPU.ActiveCfg = Debug|Any CPU
		{F484EFDD-A8F1-4B11-9B5A-665D77932B90}.AppStore|Any CPU.Build.0 = Debug|Any CPU
		{F484EFDD-A8F1-4B11-9B5A-665D77932B90}.AppStore|ARM.ActiveCfg = Debug|Any CPU
		{F484EFDD-A8F1-4B11-9B5A-665D77932B90}.AppStore|ARM.Build.0 = Debug|Any CPU
		{F484EFDD-A8F1-4B11-9B5A-665D77932B90}.AppStore|iPhone.ActiveCfg = Debug|Any CPU
		{F484EFDD-A8F1-4B11-9B5A-665D77932B90}.AppStore|iPhone.Build.0 = Debug|Any CPU
		{F484EFDD-A8F1-4B11-9B5A-665D77932B90}.AppStore|iPhoneSimulator.ActiveCfg = Debug|Any CPU
		{F484EFDD-A8F1-4B11-9B5A-665D77932B90}.AppStore|iPhoneSimulator.Build.0 = Debug|Any CPU
		{F484EFDD-A8F1-4B11-9B5A-665D77932B90}.AppStore|x64.ActiveCfg = Debug|Any CPU
		{F484EFDD-A8F1-4B11-9B5A-665D77932B90}.AppStore|x64.Build.0 = Debug|Any CPU
		{F484EFDD-A8F1-4B11-9B5A-665D77932B90}.AppStore|x86.ActiveCfg = Debug|Any CPU
		{F484EFDD-A8F1-4B11-9B5A-665D77932B90}.AppStore|x86.Build.0 = Debug|Any CPU
		{F484EFDD-A8F1-4B11-9B5A-665D77932B90}.Debug|Any CPU.ActiveCfg = Debug|Any CPU
		{F484EFDD-A8F1-4B11-9B5A-665D77932B90}.Debug|Any CPU.Build.0 = Debug|Any CPU
		{F484EFDD-A8F1-4B11-9B5A-665D77932B90}.Debug|ARM.ActiveCfg = Debug|Any CPU
		{F484EFDD-A8F1-4B11-9B5A-665D77932B90}.Debug|ARM.Build.0 = Debug|Any CPU
		{F484EFDD-A8F1-4B11-9B5A-665D77932B90}.Debug|iPhone.ActiveCfg = Debug|Any CPU
		{F484EFDD-A8F1-4B11-9B5A-665D77932B90}.Debug|iPhone.Build.0 = Debug|Any CPU
		{F484EFDD-A8F1-4B11-9B5A-665D77932B90}.Debug|iPhoneSimulator.ActiveCfg = Debug|Any CPU
		{F484EFDD-A8F1-4B11-9B5A-665D77932B90}.Debug|iPhoneSimulator.Build.0 = Debug|Any CPU
		{F484EFDD-A8F1-4B11-9B5A-665D77932B90}.Debug|x64.ActiveCfg = Debug|Any CPU
		{F484EFDD-A8F1-4B11-9B5A-665D77932B90}.Debug|x64.Build.0 = Debug|Any CPU
		{F484EFDD-A8F1-4B11-9B5A-665D77932B90}.Debug|x86.ActiveCfg = Debug|Any CPU
		{F484EFDD-A8F1-4B11-9B5A-665D77932B90}.Debug|x86.Build.0 = Debug|Any CPU
		{F484EFDD-A8F1-4B11-9B5A-665D77932B90}.Release|Any CPU.ActiveCfg = Release|Any CPU
		{F484EFDD-A8F1-4B11-9B5A-665D77932B90}.Release|Any CPU.Build.0 = Release|Any CPU
		{F484EFDD-A8F1-4B11-9B5A-665D77932B90}.Release|ARM.ActiveCfg = Release|Any CPU
		{F484EFDD-A8F1-4B11-9B5A-665D77932B90}.Release|ARM.Build.0 = Release|Any CPU
		{F484EFDD-A8F1-4B11-9B5A-665D77932B90}.Release|iPhone.ActiveCfg = Release|Any CPU
		{F484EFDD-A8F1-4B11-9B5A-665D77932B90}.Release|iPhone.Build.0 = Release|Any CPU
		{F484EFDD-A8F1-4B11-9B5A-665D77932B90}.Release|iPhoneSimulator.ActiveCfg = Release|Any CPU
		{F484EFDD-A8F1-4B11-9B5A-665D77932B90}.Release|iPhoneSimulator.Build.0 = Release|Any CPU
		{F484EFDD-A8F1-4B11-9B5A-665D77932B90}.Release|x64.ActiveCfg = Release|Any CPU
		{F484EFDD-A8F1-4B11-9B5A-665D77932B90}.Release|x64.Build.0 = Release|Any CPU
		{F484EFDD-A8F1-4B11-9B5A-665D77932B90}.Release|x86.ActiveCfg = Release|Any CPU
		{F484EFDD-A8F1-4B11-9B5A-665D77932B90}.Release|x86.Build.0 = Release|Any CPU
		{59F3D095-9779-44CD-9DC3-BB461E6327A4}.Ad-Hoc|Any CPU.ActiveCfg = Debug|Any CPU
		{59F3D095-9779-44CD-9DC3-BB461E6327A4}.Ad-Hoc|Any CPU.Build.0 = Debug|Any CPU
		{59F3D095-9779-44CD-9DC3-BB461E6327A4}.Ad-Hoc|ARM.ActiveCfg = Debug|Any CPU
		{59F3D095-9779-44CD-9DC3-BB461E6327A4}.Ad-Hoc|ARM.Build.0 = Debug|Any CPU
		{59F3D095-9779-44CD-9DC3-BB461E6327A4}.Ad-Hoc|iPhone.ActiveCfg = Debug|Any CPU
		{59F3D095-9779-44CD-9DC3-BB461E6327A4}.Ad-Hoc|iPhone.Build.0 = Debug|Any CPU
		{59F3D095-9779-44CD-9DC3-BB461E6327A4}.Ad-Hoc|iPhoneSimulator.ActiveCfg = Debug|Any CPU
		{59F3D095-9779-44CD-9DC3-BB461E6327A4}.Ad-Hoc|iPhoneSimulator.Build.0 = Debug|Any CPU
		{59F3D095-9779-44CD-9DC3-BB461E6327A4}.Ad-Hoc|x64.ActiveCfg = Debug|Any CPU
		{59F3D095-9779-44CD-9DC3-BB461E6327A4}.Ad-Hoc|x64.Build.0 = Debug|Any CPU
		{59F3D095-9779-44CD-9DC3-BB461E6327A4}.Ad-Hoc|x86.ActiveCfg = Debug|Any CPU
		{59F3D095-9779-44CD-9DC3-BB461E6327A4}.Ad-Hoc|x86.Build.0 = Debug|Any CPU
		{59F3D095-9779-44CD-9DC3-BB461E6327A4}.AppStore|Any CPU.ActiveCfg = Debug|Any CPU
		{59F3D095-9779-44CD-9DC3-BB461E6327A4}.AppStore|Any CPU.Build.0 = Debug|Any CPU
		{59F3D095-9779-44CD-9DC3-BB461E6327A4}.AppStore|ARM.ActiveCfg = Debug|Any CPU
		{59F3D095-9779-44CD-9DC3-BB461E6327A4}.AppStore|ARM.Build.0 = Debug|Any CPU
		{59F3D095-9779-44CD-9DC3-BB461E6327A4}.AppStore|iPhone.ActiveCfg = Debug|Any CPU
		{59F3D095-9779-44CD-9DC3-BB461E6327A4}.AppStore|iPhone.Build.0 = Debug|Any CPU
		{59F3D095-9779-44CD-9DC3-BB461E6327A4}.AppStore|iPhoneSimulator.ActiveCfg = Debug|Any CPU
		{59F3D095-9779-44CD-9DC3-BB461E6327A4}.AppStore|iPhoneSimulator.Build.0 = Debug|Any CPU
		{59F3D095-9779-44CD-9DC3-BB461E6327A4}.AppStore|x64.ActiveCfg = Debug|Any CPU
		{59F3D095-9779-44CD-9DC3-BB461E6327A4}.AppStore|x64.Build.0 = Debug|Any CPU
		{59F3D095-9779-44CD-9DC3-BB461E6327A4}.AppStore|x86.ActiveCfg = Debug|Any CPU
		{59F3D095-9779-44CD-9DC3-BB461E6327A4}.AppStore|x86.Build.0 = Debug|Any CPU
		{59F3D095-9779-44CD-9DC3-BB461E6327A4}.Debug|Any CPU.ActiveCfg = Debug|Any CPU
		{59F3D095-9779-44CD-9DC3-BB461E6327A4}.Debug|Any CPU.Build.0 = Debug|Any CPU
		{59F3D095-9779-44CD-9DC3-BB461E6327A4}.Debug|ARM.ActiveCfg = Debug|Any CPU
		{59F3D095-9779-44CD-9DC3-BB461E6327A4}.Debug|ARM.Build.0 = Debug|Any CPU
		{59F3D095-9779-44CD-9DC3-BB461E6327A4}.Debug|iPhone.ActiveCfg = Debug|Any CPU
		{59F3D095-9779-44CD-9DC3-BB461E6327A4}.Debug|iPhone.Build.0 = Debug|Any CPU
		{59F3D095-9779-44CD-9DC3-BB461E6327A4}.Debug|iPhoneSimulator.ActiveCfg = Debug|Any CPU
		{59F3D095-9779-44CD-9DC3-BB461E6327A4}.Debug|iPhoneSimulator.Build.0 = Debug|Any CPU
		{59F3D095-9779-44CD-9DC3-BB461E6327A4}.Debug|x64.ActiveCfg = Debug|Any CPU
		{59F3D095-9779-44CD-9DC3-BB461E6327A4}.Debug|x64.Build.0 = Debug|Any CPU
		{59F3D095-9779-44CD-9DC3-BB461E6327A4}.Debug|x86.ActiveCfg = Debug|Any CPU
		{59F3D095-9779-44CD-9DC3-BB461E6327A4}.Debug|x86.Build.0 = Debug|Any CPU
		{59F3D095-9779-44CD-9DC3-BB461E6327A4}.Release|Any CPU.ActiveCfg = Release|Any CPU
		{59F3D095-9779-44CD-9DC3-BB461E6327A4}.Release|Any CPU.Build.0 = Release|Any CPU
		{59F3D095-9779-44CD-9DC3-BB461E6327A4}.Release|ARM.ActiveCfg = Release|Any CPU
		{59F3D095-9779-44CD-9DC3-BB461E6327A4}.Release|ARM.Build.0 = Release|Any CPU
		{59F3D095-9779-44CD-9DC3-BB461E6327A4}.Release|iPhone.ActiveCfg = Release|Any CPU
		{59F3D095-9779-44CD-9DC3-BB461E6327A4}.Release|iPhone.Build.0 = Release|Any CPU
		{59F3D095-9779-44CD-9DC3-BB461E6327A4}.Release|iPhoneSimulator.ActiveCfg = Release|Any CPU
		{59F3D095-9779-44CD-9DC3-BB461E6327A4}.Release|iPhoneSimulator.Build.0 = Release|Any CPU
		{59F3D095-9779-44CD-9DC3-BB461E6327A4}.Release|x64.ActiveCfg = Release|Any CPU
		{59F3D095-9779-44CD-9DC3-BB461E6327A4}.Release|x64.Build.0 = Release|Any CPU
		{59F3D095-9779-44CD-9DC3-BB461E6327A4}.Release|x86.ActiveCfg = Release|Any CPU
		{59F3D095-9779-44CD-9DC3-BB461E6327A4}.Release|x86.Build.0 = Release|Any CPU
		{2B02559D-8EA9-4343-AE40-F5F093A7E694}.Ad-Hoc|Any CPU.ActiveCfg = Debug|Any CPU
		{2B02559D-8EA9-4343-AE40-F5F093A7E694}.Ad-Hoc|Any CPU.Build.0 = Debug|Any CPU
		{2B02559D-8EA9-4343-AE40-F5F093A7E694}.Ad-Hoc|ARM.ActiveCfg = Debug|Any CPU
		{2B02559D-8EA9-4343-AE40-F5F093A7E694}.Ad-Hoc|ARM.Build.0 = Debug|Any CPU
		{2B02559D-8EA9-4343-AE40-F5F093A7E694}.Ad-Hoc|iPhone.ActiveCfg = Debug|Any CPU
		{2B02559D-8EA9-4343-AE40-F5F093A7E694}.Ad-Hoc|iPhone.Build.0 = Debug|Any CPU
		{2B02559D-8EA9-4343-AE40-F5F093A7E694}.Ad-Hoc|iPhoneSimulator.ActiveCfg = Debug|Any CPU
		{2B02559D-8EA9-4343-AE40-F5F093A7E694}.Ad-Hoc|iPhoneSimulator.Build.0 = Debug|Any CPU
		{2B02559D-8EA9-4343-AE40-F5F093A7E694}.Ad-Hoc|x64.ActiveCfg = Debug|Any CPU
		{2B02559D-8EA9-4343-AE40-F5F093A7E694}.Ad-Hoc|x64.Build.0 = Debug|Any CPU
		{2B02559D-8EA9-4343-AE40-F5F093A7E694}.Ad-Hoc|x86.ActiveCfg = Debug|Any CPU
		{2B02559D-8EA9-4343-AE40-F5F093A7E694}.Ad-Hoc|x86.Build.0 = Debug|Any CPU
		{2B02559D-8EA9-4343-AE40-F5F093A7E694}.AppStore|Any CPU.ActiveCfg = Debug|Any CPU
		{2B02559D-8EA9-4343-AE40-F5F093A7E694}.AppStore|Any CPU.Build.0 = Debug|Any CPU
		{2B02559D-8EA9-4343-AE40-F5F093A7E694}.AppStore|ARM.ActiveCfg = Debug|Any CPU
		{2B02559D-8EA9-4343-AE40-F5F093A7E694}.AppStore|ARM.Build.0 = Debug|Any CPU
		{2B02559D-8EA9-4343-AE40-F5F093A7E694}.AppStore|iPhone.ActiveCfg = Debug|Any CPU
		{2B02559D-8EA9-4343-AE40-F5F093A7E694}.AppStore|iPhone.Build.0 = Debug|Any CPU
		{2B02559D-8EA9-4343-AE40-F5F093A7E694}.AppStore|iPhoneSimulator.ActiveCfg = Debug|Any CPU
		{2B02559D-8EA9-4343-AE40-F5F093A7E694}.AppStore|iPhoneSimulator.Build.0 = Debug|Any CPU
		{2B02559D-8EA9-4343-AE40-F5F093A7E694}.AppStore|x64.ActiveCfg = Debug|Any CPU
		{2B02559D-8EA9-4343-AE40-F5F093A7E694}.AppStore|x64.Build.0 = Debug|Any CPU
		{2B02559D-8EA9-4343-AE40-F5F093A7E694}.AppStore|x86.ActiveCfg = Debug|Any CPU
		{2B02559D-8EA9-4343-AE40-F5F093A7E694}.AppStore|x86.Build.0 = Debug|Any CPU
		{2B02559D-8EA9-4343-AE40-F5F093A7E694}.Debug|Any CPU.ActiveCfg = Debug|Any CPU
		{2B02559D-8EA9-4343-AE40-F5F093A7E694}.Debug|Any CPU.Build.0 = Debug|Any CPU
		{2B02559D-8EA9-4343-AE40-F5F093A7E694}.Debug|ARM.ActiveCfg = Debug|Any CPU
		{2B02559D-8EA9-4343-AE40-F5F093A7E694}.Debug|ARM.Build.0 = Debug|Any CPU
		{2B02559D-8EA9-4343-AE40-F5F093A7E694}.Debug|iPhone.ActiveCfg = Debug|Any CPU
		{2B02559D-8EA9-4343-AE40-F5F093A7E694}.Debug|iPhone.Build.0 = Debug|Any CPU
		{2B02559D-8EA9-4343-AE40-F5F093A7E694}.Debug|iPhoneSimulator.ActiveCfg = Debug|Any CPU
		{2B02559D-8EA9-4343-AE40-F5F093A7E694}.Debug|iPhoneSimulator.Build.0 = Debug|Any CPU
		{2B02559D-8EA9-4343-AE40-F5F093A7E694}.Debug|x64.ActiveCfg = Debug|Any CPU
		{2B02559D-8EA9-4343-AE40-F5F093A7E694}.Debug|x64.Build.0 = Debug|Any CPU
		{2B02559D-8EA9-4343-AE40-F5F093A7E694}.Debug|x86.ActiveCfg = Debug|Any CPU
		{2B02559D-8EA9-4343-AE40-F5F093A7E694}.Debug|x86.Build.0 = Debug|Any CPU
		{2B02559D-8EA9-4343-AE40-F5F093A7E694}.Release|Any CPU.ActiveCfg = Release|Any CPU
		{2B02559D-8EA9-4343-AE40-F5F093A7E694}.Release|Any CPU.Build.0 = Release|Any CPU
		{2B02559D-8EA9-4343-AE40-F5F093A7E694}.Release|ARM.ActiveCfg = Release|Any CPU
		{2B02559D-8EA9-4343-AE40-F5F093A7E694}.Release|ARM.Build.0 = Release|Any CPU
		{2B02559D-8EA9-4343-AE40-F5F093A7E694}.Release|iPhone.ActiveCfg = Release|Any CPU
		{2B02559D-8EA9-4343-AE40-F5F093A7E694}.Release|iPhone.Build.0 = Release|Any CPU
		{2B02559D-8EA9-4343-AE40-F5F093A7E694}.Release|iPhoneSimulator.ActiveCfg = Release|Any CPU
		{2B02559D-8EA9-4343-AE40-F5F093A7E694}.Release|iPhoneSimulator.Build.0 = Release|Any CPU
		{2B02559D-8EA9-4343-AE40-F5F093A7E694}.Release|x64.ActiveCfg = Release|Any CPU
		{2B02559D-8EA9-4343-AE40-F5F093A7E694}.Release|x64.Build.0 = Release|Any CPU
		{2B02559D-8EA9-4343-AE40-F5F093A7E694}.Release|x86.ActiveCfg = Release|Any CPU
		{2B02559D-8EA9-4343-AE40-F5F093A7E694}.Release|x86.Build.0 = Release|Any CPU
		{8A9E8567-97EE-4F0B-B37C-FA3C8F2F56B2}.Ad-Hoc|Any CPU.ActiveCfg = Debug|Any CPU
		{8A9E8567-97EE-4F0B-B37C-FA3C8F2F56B2}.Ad-Hoc|Any CPU.Build.0 = Debug|Any CPU
		{8A9E8567-97EE-4F0B-B37C-FA3C8F2F56B2}.Ad-Hoc|ARM.ActiveCfg = Debug|Any CPU
		{8A9E8567-97EE-4F0B-B37C-FA3C8F2F56B2}.Ad-Hoc|ARM.Build.0 = Debug|Any CPU
		{8A9E8567-97EE-4F0B-B37C-FA3C8F2F56B2}.Ad-Hoc|iPhone.ActiveCfg = Debug|Any CPU
		{8A9E8567-97EE-4F0B-B37C-FA3C8F2F56B2}.Ad-Hoc|iPhone.Build.0 = Debug|Any CPU
		{8A9E8567-97EE-4F0B-B37C-FA3C8F2F56B2}.Ad-Hoc|iPhoneSimulator.ActiveCfg = Debug|Any CPU
		{8A9E8567-97EE-4F0B-B37C-FA3C8F2F56B2}.Ad-Hoc|iPhoneSimulator.Build.0 = Debug|Any CPU
		{8A9E8567-97EE-4F0B-B37C-FA3C8F2F56B2}.Ad-Hoc|x64.ActiveCfg = Debug|Any CPU
		{8A9E8567-97EE-4F0B-B37C-FA3C8F2F56B2}.Ad-Hoc|x64.Build.0 = Debug|Any CPU
		{8A9E8567-97EE-4F0B-B37C-FA3C8F2F56B2}.Ad-Hoc|x86.ActiveCfg = Debug|Any CPU
		{8A9E8567-97EE-4F0B-B37C-FA3C8F2F56B2}.Ad-Hoc|x86.Build.0 = Debug|Any CPU
		{8A9E8567-97EE-4F0B-B37C-FA3C8F2F56B2}.AppStore|Any CPU.ActiveCfg = Debug|Any CPU
		{8A9E8567-97EE-4F0B-B37C-FA3C8F2F56B2}.AppStore|Any CPU.Build.0 = Debug|Any CPU
		{8A9E8567-97EE-4F0B-B37C-FA3C8F2F56B2}.AppStore|ARM.ActiveCfg = Debug|Any CPU
		{8A9E8567-97EE-4F0B-B37C-FA3C8F2F56B2}.AppStore|ARM.Build.0 = Debug|Any CPU
		{8A9E8567-97EE-4F0B-B37C-FA3C8F2F56B2}.AppStore|iPhone.ActiveCfg = Debug|Any CPU
		{8A9E8567-97EE-4F0B-B37C-FA3C8F2F56B2}.AppStore|iPhone.Build.0 = Debug|Any CPU
		{8A9E8567-97EE-4F0B-B37C-FA3C8F2F56B2}.AppStore|iPhoneSimulator.ActiveCfg = Debug|Any CPU
		{8A9E8567-97EE-4F0B-B37C-FA3C8F2F56B2}.AppStore|iPhoneSimulator.Build.0 = Debug|Any CPU
		{8A9E8567-97EE-4F0B-B37C-FA3C8F2F56B2}.AppStore|x64.ActiveCfg = Debug|Any CPU
		{8A9E8567-97EE-4F0B-B37C-FA3C8F2F56B2}.AppStore|x64.Build.0 = Debug|Any CPU
		{8A9E8567-97EE-4F0B-B37C-FA3C8F2F56B2}.AppStore|x86.ActiveCfg = Debug|Any CPU
		{8A9E8567-97EE-4F0B-B37C-FA3C8F2F56B2}.AppStore|x86.Build.0 = Debug|Any CPU
		{8A9E8567-97EE-4F0B-B37C-FA3C8F2F56B2}.Debug|Any CPU.ActiveCfg = Debug|Any CPU
		{8A9E8567-97EE-4F0B-B37C-FA3C8F2F56B2}.Debug|Any CPU.Build.0 = Debug|Any CPU
		{8A9E8567-97EE-4F0B-B37C-FA3C8F2F56B2}.Debug|ARM.ActiveCfg = Debug|Any CPU
		{8A9E8567-97EE-4F0B-B37C-FA3C8F2F56B2}.Debug|ARM.Build.0 = Debug|Any CPU
		{8A9E8567-97EE-4F0B-B37C-FA3C8F2F56B2}.Debug|iPhone.ActiveCfg = Debug|Any CPU
		{8A9E8567-97EE-4F0B-B37C-FA3C8F2F56B2}.Debug|iPhone.Build.0 = Debug|Any CPU
		{8A9E8567-97EE-4F0B-B37C-FA3C8F2F56B2}.Debug|iPhoneSimulator.ActiveCfg = Debug|Any CPU
		{8A9E8567-97EE-4F0B-B37C-FA3C8F2F56B2}.Debug|iPhoneSimulator.Build.0 = Debug|Any CPU
		{8A9E8567-97EE-4F0B-B37C-FA3C8F2F56B2}.Debug|x64.ActiveCfg = Debug|Any CPU
		{8A9E8567-97EE-4F0B-B37C-FA3C8F2F56B2}.Debug|x64.Build.0 = Debug|Any CPU
		{8A9E8567-97EE-4F0B-B37C-FA3C8F2F56B2}.Debug|x86.ActiveCfg = Debug|Any CPU
		{8A9E8567-97EE-4F0B-B37C-FA3C8F2F56B2}.Debug|x86.Build.0 = Debug|Any CPU
		{8A9E8567-97EE-4F0B-B37C-FA3C8F2F56B2}.Release|Any CPU.ActiveCfg = Release|Any CPU
		{8A9E8567-97EE-4F0B-B37C-FA3C8F2F56B2}.Release|Any CPU.Build.0 = Release|Any CPU
		{8A9E8567-97EE-4F0B-B37C-FA3C8F2F56B2}.Release|ARM.ActiveCfg = Release|Any CPU
		{8A9E8567-97EE-4F0B-B37C-FA3C8F2F56B2}.Release|ARM.Build.0 = Release|Any CPU
		{8A9E8567-97EE-4F0B-B37C-FA3C8F2F56B2}.Release|iPhone.ActiveCfg = Release|Any CPU
		{8A9E8567-97EE-4F0B-B37C-FA3C8F2F56B2}.Release|iPhone.Build.0 = Release|Any CPU
		{8A9E8567-97EE-4F0B-B37C-FA3C8F2F56B2}.Release|iPhoneSimulator.ActiveCfg = Release|Any CPU
		{8A9E8567-97EE-4F0B-B37C-FA3C8F2F56B2}.Release|iPhoneSimulator.Build.0 = Release|Any CPU
		{8A9E8567-97EE-4F0B-B37C-FA3C8F2F56B2}.Release|x64.ActiveCfg = Release|Any CPU
		{8A9E8567-97EE-4F0B-B37C-FA3C8F2F56B2}.Release|x64.Build.0 = Release|Any CPU
		{8A9E8567-97EE-4F0B-B37C-FA3C8F2F56B2}.Release|x86.ActiveCfg = Release|Any CPU
		{8A9E8567-97EE-4F0B-B37C-FA3C8F2F56B2}.Release|x86.Build.0 = Release|Any CPU
	EndGlobalSection
	GlobalSection(SolutionProperties) = preSolution
		HideSolutionNode = FALSE
	EndGlobalSection
	GlobalSection(NestedProjects) = preSolution
		{CBB410DD-7BBC-46C1-96BE-491DD6A31BD3} = {35E55AA3-D07D-4282-8B2D-6167092021C9}
		{AD5DE276-039F-4C80-893E-F29232A4B215} = {35E55AA3-D07D-4282-8B2D-6167092021C9}
		{2F2B57CF-9852-4C21-9E42-50A39F8E3985} = {35E55AA3-D07D-4282-8B2D-6167092021C9}
		{560288FA-DE63-4920-9DDB-5E03B5FF15AF} = {35E55AA3-D07D-4282-8B2D-6167092021C9}
		{F484EFDD-A8F1-4B11-9B5A-665D77932B90} = {090F8FC6-F245-444F-BA62-9534FC7FCFDA}
		{59F3D095-9779-44CD-9DC3-BB461E6327A4} = {090F8FC6-F245-444F-BA62-9534FC7FCFDA}
		{2B02559D-8EA9-4343-AE40-F5F093A7E694} = {090F8FC6-F245-444F-BA62-9534FC7FCFDA}
		{8A9E8567-97EE-4F0B-B37C-FA3C8F2F56B2} = {090F8FC6-F245-444F-BA62-9534FC7FCFDA}
	EndGlobalSection
	GlobalSection(ExtensibilityGlobals) = postSolution
		SolutionGuid = {217D427A-F498-448D-952F-96A695D8A58A}
	EndGlobalSection
EndGlobal
